{
  "version": "4",
  "specifiers": {
    "npm:customerio-node@^4.1.1": "4.1.1"
  },
  "npm": {
    "customerio-node@4.1.1": {
      "integrity": "sha512-EaQZwN9QhzZMyYZdFxXk6GZPT/zX/S3Jcn4gaUm5v7MXWbA/txr87hgPHokAHcLGdUGiAB/RwN9aqTABMgbE5g=="
    }
  },
  "workspace": {
    "packageJson": {
      "dependencies": [
        "npm:customerio-node@^4.1.1"
      ]
    }
  }
}
