{
  "name": "supabase_passkeys_totp",
  "lockfileVersion": 3,
  "requires": true,
  "packages": {
    "": {
      "dependencies": {
        "customerio-node": "^4.1.1"
      }
    },
    "node_modules/customerio-node": {
      "version": "4.1.1",
      "resolved": "https://registry.npmjs.org/customerio-node/-/customerio-node-4.1.1.tgz",
      "integrity": "sha512-EaQZwN9QhzZMyYZdFxXk6GZPT/zX/S3Jcn4gaUm5v7MXWbA/txr87hgPHokAHcLGdUGiAB/RwN9aqTABMgbE5g==",
      "license": "MIT"
    }
  }
}
